
Microsoft Visual Studio Solution File, Format Version 12.00
# Visual Studio Version 17
VisualStudioVersion = 17.4.33110.190
MinimumVisualStudioVersion = 10.0.40219.1
Project("{FAE04EC0-301F-11D3-BF4B-00C04F79EFBC}") = "1", "1\1.csproj", "{BD6B6A4F-BF36-49D1-B35A-EE1D2D97C8C8}"
EndProject
Global
	GlobalSection(SolutionConfigurationPlatforms) = preSolution
		Debug|Any CPU = Debug|Any CPU
		Release|Any CPU = Release|Any CPU
	EndGlobalSection
	GlobalSection(ProjectConfigurationPlatforms) = postSolution
		{BD6B6A4F-BF36-49D1-B35A-EE1D2D97C8C8}.Debug|Any CPU.ActiveCfg = Debug|Any CPU
		{BD6B6A4F-BF36-49D1-B35A-EE1D2D97C8C8}.Debug|Any CPU.Build.0 = Debug|Any CPU
		{BD6B6A4F-BF36-49D1-B35A-EE1D2D97C8C8}.Release|Any CPU.ActiveCfg = Release|Any CPU
		{BD6B6A4F-BF36-49D1-B35A-EE1D2D97C8C8}.Release|Any CPU.Build.0 = Release|Any CPU
	EndGlobalSection
	GlobalSection(SolutionProperties) = preSolution
		HideSolutionNode = FALSE
	EndGlobalSection
	GlobalSection(ExtensibilityGlobals) = postSolution
		SolutionGuid = {0EC7CB76-2A77-40C0-8395-0AF0FCBD5633}
	EndGlobalSection
EndGlobal
